PODS:
  - connectivity_plus (0.0.1):
    - Flutter
    - FlutterMacOS
  - device_info_plus (0.0.1):
    - FlutterMacOS
  - FlutterMacOS (1.0.0)
  - network_info_plus (0.0.1):
    - FlutterMacOS
  - p2p (0.0.1):
    - FlutterMacOS
  - path_provider_foundation (0.0.1):
    - Flutter
    - FlutterMacOS
  - photo_manager (3.8.3):
    - Flutter
    - FlutterMacOS
  - rhttp (0.0.1):
    - FlutterMacOS
  - uri_content (0.0.1):
    - FlutterMacOS
  - video_player_avfoundation (0.0.1):
    - Flutter
    - FlutterMacOS

DEPENDENCIES:
  - connectivity_plus (from `Flutter/ephemeral/.symlinks/plugins/connectivity_plus/darwin`)
  - device_info_plus (from `Flutter/ephemeral/.symlinks/plugins/device_info_plus/macos`)
  - FlutterMacOS (from `Flutter/ephemeral`)
  - network_info_plus (from `Flutter/ephemeral/.symlinks/plugins/network_info_plus/macos`)
  - p2p (from `Flutter/ephemeral/.symlinks/plugins/p2p/macos`)
  - path_provider_foundation (from `Flutter/ephemeral/.symlinks/plugins/path_provider_foundation/darwin`)
  - photo_manager (from `Flutter/ephemeral/.symlinks/plugins/photo_manager/darwin`)
  - rhttp (from `Flutter/ephemeral/.symlinks/plugins/rhttp/macos`)
  - uri_content (from `Flutter/ephemeral/.symlinks/plugins/uri_content/macos`)
  - video_player_avfoundation (from `Flutter/ephemeral/.symlinks/plugins/video_player_avfoundation/darwin`)

EXTERNAL SOURCES:
  connectivity_plus:
    :path: Flutter/ephemeral/.symlinks/plugins/connectivity_plus/darwin
  device_info_plus:
    :path: Flutter/ephemeral/.symlinks/plugins/device_info_plus/macos
  FlutterMacOS:
    :path: Flutter/ephemeral
  network_info_plus:
    :path: Flutter/ephemeral/.symlinks/plugins/network_info_plus/macos
  p2p:
    :path: Flutter/ephemeral/.symlinks/plugins/p2p/macos
  path_provider_foundation:
    :path: Flutter/ephemeral/.symlinks/plugins/path_provider_foundation/darwin
  photo_manager:
    :path: Flutter/ephemeral/.symlinks/plugins/photo_manager/darwin
  rhttp:
    :path: Flutter/ephemeral/.symlinks/plugins/rhttp/macos
  uri_content:
    :path: Flutter/ephemeral/.symlinks/plugins/uri_content/macos
  video_player_avfoundation:
    :path: Flutter/ephemeral/.symlinks/plugins/video_player_avfoundation/darwin

SPEC CHECKSUMS:
  connectivity_plus: 4c41c08fc6d7c91f63bc7aec70ffe3730b04f563
  device_info_plus: 1b14eed9bf95428983aed283a8d51cce3d8c4215
  FlutterMacOS: d0db08ddef1a9af05a5ec4b724367152bb0500b1
  network_info_plus: 2cb02d8435635eae13b3b79279681985121cf30c
  p2p: d2957626e8df439e55e2fdb73727fe23d2d06108
  path_provider_foundation: 0b743cbb62d8e47eab856f09262bb8c1ddcfe6ba
  photo_manager: 647b6f5c5057632e2d00e2921c6ce3437ded57a9
  rhttp: 337afda4c3e4df31087160719ffca6452c225cc2
  uri_content: 891fa09c9dda47b6e3c77d79fcf4449fd6301ba9
  video_player_avfoundation: 7993f492ae0bd77edaea24d9dc051d8bb2cd7c86

PODFILE CHECKSUM: 54d867c82ac51cbd61b565781b9fada492027009

COCOAPODS: 1.16.2
